PODS:
  - Flutter (1.0.0)
  - flutter_downloader (0.0.1):
    - Flutter
  - flutter_phone_direct_caller (0.0.1):
    - Flutter
  - "geolocator (5.3.2+2)":
    - Flutter
  - image_picker (0.0.1):
    - Flutter
  - launch_review (0.0.1):
    - Flutter
  - "location_permissions (3.0.0+1)":
    - Flutter
  - path_provider_foundation (0.0.1):
    - Flutter
    - FlutterMacOS
  - permission_handler_apple (9.1.1):
    - Flutter
  - shared_preferences_foundation (0.0.1):
    - Flutter
    - FlutterMacOS
  - Stripe (22.8.4):
    - Stripe/Stripe3DS2 (= 22.8.4)
    - StripeApplePay (= 22.8.4)
    - StripeCore (= 22.8.4)
    - StripeUICore (= 22.8.4)
  - Stripe/Stripe3DS2 (22.8.4):
    - StripeApplePay (= 22.8.4)
    - StripeCore (= 22.8.4)
    - StripeUICore (= 22.8.4)
  - stripe_ios (0.0.1):
    - Flutter
    - Stripe (~> 22.8.1)
    - StripeFinancialConnections (~> 22.8.1)
  - StripeApplePay (22.8.4):
    - StripeCore (= 22.8.4)
  - StripeCore (22.8.4)
  - StripeFinancialConnections (22.8.4):
    - StripeCore (= 22.8.4)
    - StripeUICore (= 22.8.4)
  - StripeUICore (22.8.4):
    - StripeCore (= 22.8.4)
  - url_launcher_ios (0.0.1):
    - Flutter
  - wakelock (0.0.1):
    - Flutter
  - WonderPush (4.1.6):
    - WonderPush/Core (= 4.1.6)
  - WonderPush/Core (4.1.6)
  - wonderpush_flutter (4.1.6):
    - Flutter
    - WonderPush (= 4.1.6)

DEPENDENCIES:
  - Flutter (from `Flutter`)
  - flutter_downloader (from `.symlinks/plugins/flutter_downloader/ios`)
  - flutter_phone_direct_caller (from `.symlinks/plugins/flutter_phone_direct_caller/ios`)
  - geolocator (from `.symlinks/plugins/geolocator/ios`)
  - image_picker (from `.symlinks/plugins/image_picker/ios`)
  - launch_review (from `.symlinks/plugins/launch_review/ios`)
  - location_permissions (from `.symlinks/plugins/location_permissions/ios`)
  - path_provider_foundation (from `.symlinks/plugins/path_provider_foundation/ios`)
  - permission_handler_apple (from `.symlinks/plugins/permission_handler_apple/ios`)
  - shared_preferences_foundation (from `.symlinks/plugins/shared_preferences_foundation/ios`)
  - stripe_ios (from `.symlinks/plugins/stripe_ios/ios`)
  - url_launcher_ios (from `.symlinks/plugins/url_launcher_ios/ios`)
  - wakelock (from `.symlinks/plugins/wakelock/ios`)
  - wonderpush_flutter (from `.symlinks/plugins/wonderpush_flutter/ios`)

SPEC REPOS:
  trunk:
    - Stripe
    - StripeApplePay
    - StripeCore
    - StripeFinancialConnections
    - StripeUICore
    - WonderPush

EXTERNAL SOURCES:
  Flutter:
    :path: Flutter
  flutter_downloader:
    :path: ".symlinks/plugins/flutter_downloader/ios"
  flutter_phone_direct_caller:
    :path: ".symlinks/plugins/flutter_phone_direct_caller/ios"
  geolocator:
    :path: ".symlinks/plugins/geolocator/ios"
  image_picker:
    :path: ".symlinks/plugins/image_picker/ios"
  launch_review:
    :path: ".symlinks/plugins/launch_review/ios"
  location_permissions:
    :path: ".symlinks/plugins/location_permissions/ios"
  path_provider_foundation:
    :path: ".symlinks/plugins/path_provider_foundation/ios"
  permission_handler_apple:
    :path: ".symlinks/plugins/permission_handler_apple/ios"
  shared_preferences_foundation:
    :path: ".symlinks/plugins/shared_preferences_foundation/ios"
  stripe_ios:
    :path: ".symlinks/plugins/stripe_ios/ios"
  url_launcher_ios:
    :path: ".symlinks/plugins/url_launcher_ios/ios"
  wakelock:
    :path: ".symlinks/plugins/wakelock/ios"
  wonderpush_flutter:
    :path: ".symlinks/plugins/wonderpush_flutter/ios"

SPEC CHECKSUMS:
  Flutter: 50d75fe2f02b26cc09d224853bb45737f8b3214a
  flutter_downloader: b7301ae057deadd4b1650dc7c05375f10ff12c39
  flutter_phone_direct_caller: bd2ffd297f371a8a6c7bfbba0196964ffe3c4358
  geolocator: f7622e0e7e2a24718285b73916d60c4a54b9f5b6
  image_picker: 66aa71bc96850a90590a35d4c4a2907b0d823109
  launch_review: 75d5a956ba8eaa493e9c9d4bf4c05e505e8d5ed0
  location_permissions: 7e0f9aa0f60deb8ff93ddf0e2a164c7e8197bc94
  path_provider_foundation: c68054786f1b4f3343858c1e1d0caaded73f0be9
  permission_handler_apple: e76247795d700c14ea09e3a2d8855d41ee80a2e6
  shared_preferences_foundation: e2dae3258e06f44cc55f49d42024fd8dd03c590c
  Stripe: 59f6659e8ea413def19c97c57e23f5ec6ea48cf8
  stripe_ios: 8ad17b19d7d2189d7c19fd15d9ecffeca696390f
  StripeApplePay: 6e9aebd3d248464836e9fbdaef6e5fb1817d56a6
  StripeCore: 193f27552fb98108ebfe0df11651fe5f38948305
  StripeFinancialConnections: 955c345ada7d0dff1a9bd15c4ebc97eacce4ac75
  StripeUICore: 6a5bbea0164d63bd91000f001903e7901859e1a4
  url_launcher_ios: ae1517e5e344f5544fb090b079e11f399dfbe4d2
  wakelock: d0fc7c864128eac40eba1617cb5264d9c940b46f
  WonderPush: b2c44238c8ed34495a6e9e65afa48f1e595198ce
  wonderpush_flutter: 3ccc3d83d26578d0a41c887f5491911c1d234ad5

PODFILE CHECKSUM: f4955962b777441b82b2ee6659fb624f4cc410f2

COCOAPODS: 1.13.0
